// !$*UTF8*$!
{
	archiveVersion = 1;
	classes = {
	};
	objectVersion = 46;
	objects = {

/* Begin PBXBuildFile section */
		511C826AB51077CD1087658E /* Pods_GTNavigationBarUITests.framework in Frameworks */ = {isa = PBXBuildFile; fileRef = 6A9B61361102F72D81D76846 /* Pods_GTNavigationBarUITests.framework */; };
		9B293C901F1A00540097E71D /* CatViewController.swift in Sources */ = {isa = PBXBuildFile; fileRef = 9B293C8E1F1A00540097E71D /* CatViewController.swift */; };
		9B293C911F1A00540097E71D /* CatViewController.xib in Resources */ = {isa = PBXBuildFile; fileRef = 9B293C8F1F1A00540097E71D /* CatViewController.xib */; };
		9B2F89651F19B96B004921EA /* AppDelegate.swift in Sources */ = {isa = PBXBuildFile; fileRef = 9B2F89641F19B96B004921EA /* AppDelegate.swift */; };
		9B2F89671F19B96B004921EA /* ViewController.swift in Sources */ = {isa = PBXBuildFile; fileRef = 9B2F89661F19B96B004921EA /* ViewController.swift */; };
		9B2F897A1F19B96B004921EA /* GTNavigationBarUITests.swift in Sources */ = {isa = PBXBuildFile; fileRef = 9B2F89791F19B96B004921EA /* GTNavigationBarUITests.swift */; };
		9B2F89881F19BB73004921EA /* testTableViewCell.swift in Sources */ = {isa = PBXBuildFile; fileRef = 9B2F89861F19BB73004921EA /* testTableViewCell.swift */; };
		9B2F89891F19BB73004921EA /* testTableViewCell.xib in Resources */ = {isa = PBXBuildFile; fileRef = 9B2F89871F19BB73004921EA /* testTableViewCell.xib */; };
		9B2F898B1F19BF4E004921EA /* Assets.xcassets in Resources */ = {isa = PBXBuildFile; fileRef = 9B2F898A1F19BF4E004921EA /* Assets.xcassets */; };
		9B2F898D1F19C59A004921EA /* Cat.swift in Sources */ = {isa = PBXBuildFile; fileRef = 9B2F898C1F19C59A004921EA /* Cat.swift */; };
		9BA451481F19EB2B005FB2F1 /* Launch Screen.storyboard in Resources */ = {isa = PBXBuildFile; fileRef = 9BA451471F19EB2B005FB2F1 /* Launch Screen.storyboard */; };
		9BA4514A1F19EC06005FB2F1 /* HackNavigation.swift in Sources */ = {isa = PBXBuildFile; fileRef = 9BA451491F19EC06005FB2F1 /* HackNavigation.swift */; };
		A9D1F663978A608B993DBBEE /* Pods_GTNavigationBar.framework in Frameworks */ = {isa = PBXBuildFile; fileRef = 52BD2A7108108689E527CEEE /* Pods_GTNavigationBar.framework */; };
/* End PBXBuildFile section */

/* Begin PBXContainerItemProxy section */
		9B2F89761F19B96B004921EA /* PBXContainerItemProxy */ = {
			isa = PBXContainerItemProxy;
			containerPortal = 9B2F89591F19B96B004921EA /* Project object */;
			proxyType = 1;
			remoteGlobalIDString = 9B2F89601F19B96B004921EA;
			remoteInfo = GTNavigationBar;
		};
/* End PBXContainerItemProxy section */

/* Begin PBXFileReference section */
		2C3DFC68BCEEB916194D54F2 /* Pods-GTNavigationBarUITests.release.xcconfig */ = {isa = PBXFileReference; includeInIndex = 1; lastKnownFileType = text.xcconfig; name = "Pods-GTNavigationBarUITests.release.xcconfig"; path = "Pods/Target Support Files/Pods-GTNavigationBarUITests/Pods-GTNavigationBarUITests.release.xcconfig"; sourceTree = "<group>"; };
		52BD2A7108108689E527CEEE /* Pods_GTNavigationBar.framework */ = {isa = PBXFileReference; explicitFileType = wrapper.framework; includeInIndex = 0; path = Pods_GTNavigationBar.framework; sourceTree = BUILT_PRODUCTS_DIR; };
		6A9B61361102F72D81D76846 /* Pods_GTNavigationBarUITests.framework */ = {isa = PBXFileReference; explicitFileType = wrapper.framework; includeInIndex = 0; path = Pods_GTNavigationBarUITests.framework; sourceTree = BUILT_PRODUCTS_DIR; };
		7A2335CE4DA6EFA2F99DA6E5 /* Pods-GTNavigationBar.debug.xcconfig */ = {isa = PBXFileReference; includeInIndex = 1; lastKnownFileType = text.xcconfig; name = "Pods-GTNavigationBar.debug.xcconfig"; path = "Pods/Target Support Files/Pods-GTNavigationBar/Pods-GTNavigationBar.debug.xcconfig"; sourceTree = "<group>"; };
		7B997550102AB3612D6D6BCA /* Pods-GTNavigationBar.release.xcconfig */ = {isa = PBXFileReference; includeInIndex = 1; lastKnownFileType = text.xcconfig; name = "Pods-GTNavigationBar.release.xcconfig"; path = "Pods/Target Support Files/Pods-GTNavigationBar/Pods-GTNavigationBar.release.xcconfig"; sourceTree = "<group>"; };
		7DBE602522C1B2FB0D963191 /* Pods-GTNavigationBarUITests.debug.xcconfig */ = {isa = PBXFileReference; includeInIndex = 1; lastKnownFileType = text.xcconfig; name = "Pods-GTNavigationBarUITests.debug.xcconfig"; path = "Pods/Target Support Files/Pods-GTNavigationBarUITests/Pods-GTNavigationBarUITests.debug.xcconfig"; sourceTree = "<group>"; };
		9B293C8E1F1A00540097E71D /* CatViewController.swift */ = {isa = PBXFileReference; fileEncoding = 4; lastKnownFileType = sourcecode.swift; path = CatViewController.swift; sourceTree = "<group>"; };
		9B293C8F1F1A00540097E71D /* CatViewController.xib */ = {isa = PBXFileReference; fileEncoding = 4; lastKnownFileType = file.xib; path = CatViewController.xib; sourceTree = "<group>"; };
		9B2F89611F19B96B004921EA /* GTNavigationBar.app */ = {isa = PBXFileReference; explicitFileType = wrapper.application; includeInIndex = 0; path = GTNavigationBar.app; sourceTree = BUILT_PRODUCTS_DIR; };
		9B2F89641F19B96B004921EA /* AppDelegate.swift */ = {isa = PBXFileReference; lastKnownFileType = sourcecode.swift; path = AppDelegate.swift; sourceTree = "<group>"; };
		9B2F89661F19B96B004921EA /* ViewController.swift */ = {isa = PBXFileReference; lastKnownFileType = sourcecode.swift; path = ViewController.swift; sourceTree = "<group>"; };
		9B2F89701F19B96B004921EA /* Info.plist */ = {isa = PBXFileReference; lastKnownFileType = text.plist.xml; path = Info.plist; sourceTree = "<group>"; };
		9B2F89751F19B96B004921EA /* GTNavigationBarUITests.xctest */ = {isa = PBXFileReference; explicitFileType = wrapper.cfbundle; includeInIndex = 0; path = GTNavigationBarUITests.xctest; sourceTree = BUILT_PRODUCTS_DIR; };
		9B2F89791F19B96B004921EA /* GTNavigationBarUITests.swift */ = {isa = PBXFileReference; lastKnownFileType = sourcecode.swift; path = GTNavigationBarUITests.swift; sourceTree = "<group>"; };
		9B2F897B1F19B96B004921EA /* Info.plist */ = {isa = PBXFileReference; lastKnownFileType = text.plist.xml; path = Info.plist; sourceTree = "<group>"; };
		9B2F89861F19BB73004921EA /* testTableViewCell.swift */ = {isa = PBXFileReference; fileEncoding = 4; lastKnownFileType = sourcecode.swift; path = testTableViewCell.swift; sourceTree = "<group>"; };
		9B2F89871F19BB73004921EA /* testTableViewCell.xib */ = {isa = PBXFileReference; fileEncoding = 4; lastKnownFileType = file.xib; path = testTableViewCell.xib; sourceTree = "<group>"; };
		9B2F898A1F19BF4E004921EA /* Assets.xcassets */ = {isa = PBXFileReference; lastKnownFileType = folder.assetcatalog; path = Assets.xcassets; sourceTree = "<group>"; };
		9B2F898C1F19C59A004921EA /* Cat.swift */ = {isa = PBXFileReference; fileEncoding = 4; lastKnownFileType = sourcecode.swift; path = Cat.swift; sourceTree = "<group>"; };
		9BA451471F19EB2B005FB2F1 /* Launch Screen.storyboard */ = {isa = PBXFileReference; fileEncoding = 4; lastKnownFileType = file.storyboard; path = "Launch Screen.storyboard"; sourceTree = "<group>"; };
		9BA451491F19EC06005FB2F1 /* HackNavigation.swift */ = {isa = PBXFileReference; fileEncoding = 4; lastKnownFileType = sourcecode.swift; path = HackNavigation.swift; sourceTree = "<group>"; };
/* End PBXFileReference section */

/* Begin PBXFrameworksBuildPhase section */
		9B2F895E1F19B96B004921EA /* Frameworks */ = {
			isa = PBXFrameworksBuildPhase;
			buildActionMask = 2147483647;
			files = (
				A9D1F663978A608B993DBBEE /* Pods_GTNavigationBar.framework in Frameworks */,
			);
			runOnlyForDeploymentPostprocessing = 0;
		};
		9B2F89721F19B96B004921EA /* Frameworks */ = {
			isa = PBXFrameworksBuildPhase;
			buildActionMask = 2147483647;
			files = (
				511C826AB51077CD1087658E /* Pods_GTNavigationBarUITests.framework in Frameworks */,
			);
			runOnlyForDeploymentPostprocessing = 0;
		};
/* End PBXFrameworksBuildPhase section */

/* Begin PBXGroup section */
		1189F1970C6E17FFF4A16A29 /* Frameworks */ = {
			isa = PBXGroup;
			children = (
				52BD2A7108108689E527CEEE /* Pods_GTNavigationBar.framework */,
				6A9B61361102F72D81D76846 /* Pods_GTNavigationBarUITests.framework */,
			);
			name = Frameworks;
			sourceTree = "<group>";
		};
		57C63A72B343BCAA05B742FD /* Pods */ = {
			isa = PBXGroup;
			children = (
				7A2335CE4DA6EFA2F99DA6E5 /* Pods-GTNavigationBar.debug.xcconfig */,
				7B997550102AB3612D6D6BCA /* Pods-GTNavigationBar.release.xcconfig */,
				7DBE602522C1B2FB0D963191 /* Pods-GTNavigationBarUITests.debug.xcconfig */,
				2C3DFC68BCEEB916194D54F2 /* Pods-GTNavigationBarUITests.release.xcconfig */,
			);
			name = Pods;
			sourceTree = "<group>";
		};
		9B2F89581F19B96B004921EA = {
			isa = PBXGroup;
			children = (
				9B2F89631F19B96B004921EA /* GTNavigationBar */,
				9B2F89781F19B96B004921EA /* GTNavigationBarUITests */,
				9B2F89621F19B96B004921EA /* Products */,
				57C63A72B343BCAA05B742FD /* Pods */,
				1189F1970C6E17FFF4A16A29 /* Frameworks */,
			);
			sourceTree = "<group>";
		};
		9B2F89621F19B96B004921EA /* Products */ = {
			isa = PBXGroup;
			children = (
				9B2F89611F19B96B004921EA /* GTNavigationBar.app */,
				9B2F89751F19B96B004921EA /* GTNavigationBarUITests.xctest */,
			);
			name = Products;
			sourceTree = "<group>";
		};
		9B2F89631F19B96B004921EA /* GTNavigationBar */ = {
			isa = PBXGroup;
			children = (
				9B2F898A1F19BF4E004921EA /* Assets.xcassets */,
				9B2F89641F19B96B004921EA /* AppDelegate.swift */,
				9B2F89661F19B96B004921EA /* ViewController.swift */,
				9B2F89861F19BB73004921EA /* testTableViewCell.swift */,
				9B293C8E1F1A00540097E71D /* CatViewController.swift */,
				9B293C8F1F1A00540097E71D /* CatViewController.xib */,
				9B2F898C1F19C59A004921EA /* Cat.swift */,
				9B2F89871F19BB73004921EA /* testTableViewCell.xib */,
				9B2F89701F19B96B004921EA /* Info.plist */,
				9BA451471F19EB2B005FB2F1 /* Launch Screen.storyboard */,
				9BA451491F19EC06005FB2F1 /* HackNavigation.swift */,
			);
			path = GTNavigationBar;
			sourceTree = "<group>";
		};
		9B2F89781F19B96B004921EA /* GTNavigationBarUITests */ = {
			isa = PBXGroup;
			children = (
				9B2F89791F19B96B004921EA /* GTNavigationBarUITests.swift */,
				9B2F897B1F19B96B004921EA /* Info.plist */,
			);
			path = GTNavigationBarUITests;
			sourceTree = "<group>";
		};
/* End PBXGroup section */

/* Begin PBXNativeTarget section */
		9B2F89601F19B96B004921EA /* GTNavigationBar */ = {
			isa = PBXNativeTarget;
			buildConfigurationList = 9B2F897E1F19B96B004921EA /* Build configuration list for PBXNativeTarget "GTNavigationBar" */;
			buildPhases = (
				18FDAF202B1D992F1B2EFC7F /* [CP] Check Pods Manifest.lock */,
				9B2F895D1F19B96B004921EA /* Sources */,
				9B2F895E1F19B96B004921EA /* Frameworks */,
				9B2F895F1F19B96B004921EA /* Resources */,
				E8A35D7F28B8E562665786D7 /* [CP] Embed Pods Frameworks */,
				7689A4569B25EFBE41E8C3CC /* [CP] Copy Pods Resources */,
			);
			buildRules = (
			);
			dependencies = (
			);
			name = GTNavigationBar;
			productName = GTNavigationBar;
			productReference = 9B2F89611F19B96B004921EA /* GTNavigationBar.app */;
			productType = "com.apple.product-type.application";
		};
		9B2F89741F19B96B004921EA /* GTNavigationBarUITests */ = {
			isa = PBXNativeTarget;
			buildConfigurationList = 9B2F89811F19B96B004921EA /* Build configuration list for PBXNativeTarget "GTNavigationBarUITests" */;
			buildPhases = (
				C1813429D8619D66A6773161 /* [CP] Check Pods Manifest.lock */,
				9B2F89711F19B96B004921EA /* Sources */,
				9B2F89721F19B96B004921EA /* Frameworks */,
				9B2F89731F19B96B004921EA /* Resources */,
				831C76A0025C6CB7D94F4D57 /* [CP] Embed Pods Frameworks */,
				A80FF818AC46CAB70713CF35 /* [CP] Copy Pods Resources */,
			);
			buildRules = (
			);
			dependencies = (
				9B2F89771F19B96B004921EA /* PBXTargetDependency */,
			);
			name = GTNavigationBarUITests;
			productName = GTNavigationBarUITests;
			productReference = 9B2F89751F19B96B004921EA /* GTNavigationBarUITests.xctest */;
			productType = "com.apple.product-type.bundle.ui-testing";
		};
/* End PBXNativeTarget section */

/* Begin PBXProject section */
		9B2F89591F19B96B004921EA /* Project object */ = {
			isa = PBXProject;
			attributes = {
				LastSwiftUpdateCheck = 0830;
				LastUpgradeCheck = 0830;
				ORGANIZATIONNAME = GeekTree0101;
				TargetAttributes = {
					9B2F89601F19B96B004921EA = {
						CreatedOnToolsVersion = 8.3.3;
						ProvisioningStyle = Automatic;
					};
					9B2F89741F19B96B004921EA = {
						CreatedOnToolsVersion = 8.3.3;
						ProvisioningStyle = Automatic;
						TestTargetID = 9B2F89601F19B96B004921EA;
					};
				};
			};
			buildConfigurationList = 9B2F895C1F19B96B004921EA /* Build configuration list for PBXProject "GTNavigationBar" */;
			compatibilityVersion = "Xcode 3.2";
			developmentRegion = English;
			hasScannedForEncodings = 0;
			knownRegions = (
				en,
				Base,
			);
			mainGroup = 9B2F89581F19B96B004921EA;
			productRefGroup = 9B2F89621F19B96B004921EA /* Products */;
			projectDirPath = "";
			projectRoot = "";
			targets = (
				9B2F89601F19B96B004921EA /* GTNavigationBar */,
				9B2F89741F19B96B004921EA /* GTNavigationBarUITests */,
			);
		};
/* End PBXProject section */

/* Begin PBXResourcesBuildPhase section */
		9B2F895F1F19B96B004921EA /* Resources */ = {
			isa = PBXResourcesBuildPhase;
			buildActionMask = 2147483647;
			files = (
				9BA451481F19EB2B005FB2F1 /* Launch Screen.storyboard in Resources */,
				9B293C911F1A00540097E71D /* CatViewController.xib in Resources */,
				9B2F89891F19BB73004921EA /* testTableViewCell.xib in Resources */,
				9B2F898B1F19BF4E004921EA /* Assets.xcassets in Resources */,
			);
			runOnlyForDeploymentPostprocessing = 0;
		};
		9B2F89731F19B96B004921EA /* Resources */ = {
			isa = PBXResourcesBuildPhase;
			buildActionMask = 2147483647;
			files = (
			);
			runOnlyForDeploymentPostprocessing = 0;
		};
/* End PBXResourcesBuildPhase section */

/* Begin PBXShellScriptBuildPhase section */
		18FDAF202B1D992F1B2EFC7F /* [CP] Check Pods Manifest.lock */ = {
			isa = PBXShellScriptBuildPhase;
			buildActionMask = 2147483647;
			files = (
			);
			inputPaths = (
			);
			name = "[CP] Check Pods Manifest.lock";
			outputPaths = (
			);
			runOnlyForDeploymentPostprocessing = 0;
			shellPath = /bin/sh;
			shellScript = "diff \"${PODS_PODFILE_DIR_PATH}/Podfile.lock\" \"${PODS_ROOT}/Manifest.lock\" > /dev/null\nif [ $? != 0 ] ; then\n    # print error to STDERR\n    echo \"error: The sandbox is not in sync with the Podfile.lock. Run 'pod install' or update your CocoaPods installation.\" >&2\n    exit 1\nfi\n";
			showEnvVarsInLog = 0;
		};
		7689A4569B25EFBE41E8C3CC /* [CP] Copy Pods Resources */ = {
			isa = PBXShellScriptBuildPhase;
			buildActionMask = 2147483647;
			files = (
			);
			inputPaths = (
			);
			name = "[CP] Copy Pods Resources";
			outputPaths = (
			);
			runOnlyForDeploymentPostprocessing = 0;
			shellPath = /bin/sh;
			shellScript = "\"${SRCROOT}/Pods/Target Support Files/Pods-GTNavigationBar/Pods-GTNavigationBar-resources.sh\"\n";
			showEnvVarsInLog = 0;
		};
		831C76A0025C6CB7D94F4D57 /* [CP] Embed Pods Frameworks */ = {
			isa = PBXShellScriptBuildPhase;
			buildActionMask = 2147483647;
			files = (
			);
			inputPaths = (
			);
			name = "[CP] Embed Pods Frameworks";
			outputPaths = (
			);
			runOnlyForDeploymentPostprocessing = 0;
			shellPath = /bin/sh;
			shellScript = "\"${SRCROOT}/Pods/Target Support Files/Pods-GTNavigationBarUITests/Pods-GTNavigationBarUITests-frameworks.sh\"\n";
			showEnvVarsInLog = 0;
		};
		A80FF818AC46CAB70713CF35 /* [CP] Copy Pods Resources */ = {
			isa = PBXShellScriptBuildPhase;
			buildActionMask = 2147483647;
			files = (
			);
			inputPaths = (
			);
			name = "[CP] Copy Pods Resources";
			outputPaths = (
			);
			runOnlyForDeploymentPostprocessing = 0;
			shellPath = /bin/sh;
			shellScript = "\"${SRCROOT}/Pods/Target Support Files/Pods-GTNavigationBarUITests/Pods-GTNavigationBarUITests-resources.sh\"\n";
			showEnvVarsInLog = 0;
		};
		C1813429D8619D66A6773161 /* [CP] Check Pods Manifest.lock */ = {
			isa = PBXShellScriptBuildPhase;
			buildActionMask = 2147483647;
			files = (
			);
			inputPaths = (
			);
			name = "[CP] Check Pods Manifest.lock";
			outputPaths = (
			);
			runOnlyForDeploymentPostprocessing = 0;
			shellPath = /bin/sh;
			shellScript = "diff \"${PODS_PODFILE_DIR_PATH}/Podfile.lock\" \"${PODS_ROOT}/Manifest.lock\" > /dev/null\nif [ $? != 0 ] ; then\n    # print error to STDERR\n    echo \"error: The sandbox is not in sync with the Podfile.lock. Run 'pod install' or update your CocoaPods installation.\" >&2\n    exit 1\nfi\n";
			showEnvVarsInLog = 0;
		};
		E8A35D7F28B8E562665786D7 /* [CP] Embed Pods Frameworks */ = {
			isa = PBXShellScriptBuildPhase;
			buildActionMask = 2147483647;
			files = (
			);
			inputPaths = (
			);
			name = "[CP] Embed Pods Frameworks";
			outputPaths = (
			);
			runOnlyForDeploymentPostprocessing = 0;
			shellPath = /bin/sh;
			shellScript = "\"${SRCROOT}/Pods/Target Support Files/Pods-GTNavigationBar/Pods-GTNavigationBar-frameworks.sh\"\n";
			showEnvVarsInLog = 0;
		};
/* End PBXShellScriptBuildPhase section */

/* Begin PBXSourcesBuildPhase section */
		9B2F895D1F19B96B004921EA /* Sources */ = {
			isa = PBXSourcesBuildPhase;
			buildActionMask = 2147483647;
			files = (
				9B2F898D1F19C59A004921EA /* Cat.swift in Sources */,
				9B2F89671F19B96B004921EA /* ViewController.swift in Sources */,
				9B2F89881F19BB73004921EA /* testTableViewCell.swift in Sources */,
				9B2F89651F19B96B004921EA /* AppDelegate.swift in Sources */,
				9BA4514A1F19EC06005FB2F1 /* HackNavigation.swift in Sources */,
				9B293C901F1A00540097E71D /* CatViewController.swift in Sources */,
			);
			runOnlyForDeploymentPostprocessing = 0;
		};
		9B2F89711F19B96B004921EA /* Sources */ = {
			isa = PBXSourcesBuildPhase;
			buildActionMask = 2147483647;
			files = (
				9B2F897A1F19B96B004921EA /* GTNavigationBarUITests.swift in Sources */,
			);
			runOnlyForDeploymentPostprocessing = 0;
		};
/* End PBXSourcesBuildPhase section */

/* Begin PBXTargetDependency section */
		9B2F89771F19B96B004921EA /* PBXTargetDependency */ = {
			isa = PBXTargetDependency;
			target = 9B2F89601F19B96B004921EA /* GTNavigationBar */;
			targetProxy = 9B2F89761F19B96B004921EA /* PBXContainerItemProxy */;
		};
/* End PBXTargetDependency section */

/* Begin XCBuildConfiguration section */
		9B2F897C1F19B96B004921EA /* Debug */ = {
			isa = XCBuildConfiguration;
			buildSettings = {
				ALWAYS_SEARCH_USER_PATHS = NO;
				CLANG_ANALYZER_NONNULL = YES;
				CLANG_ANALYZER_NUMBER_OBJECT_CONVERSION = YES_AGGRESSIVE;
				CLANG_CXX_LANGUAGE_STANDARD = "gnu++0x";
				CLANG_CXX_LIBRARY = "libc++";
				CLANG_ENABLE_MODULES = YES;
				CLANG_ENABLE_OBJC_ARC = YES;
				CLANG_WARN_BOOL_CONVERSION = YES;
				CLANG_WARN_CONSTANT_CONVERSION = YES;
				CLANG_WARN_DIRECT_OBJC_ISA_USAGE = YES_ERROR;
				CLANG_WARN_DOCUMENTATION_COMMENTS = YES;
				CLANG_WARN_EMPTY_BODY = YES;
				CLANG_WARN_ENUM_CONVERSION = YES;
				CLANG_WARN_INFINITE_RECURSION = YES;
				CLANG_WARN_INT_CONVERSION = YES;
				CLANG_WARN_OBJC_ROOT_CLASS = YES_ERROR;
				CLANG_WARN_SUSPICIOUS_MOVE = YES;
				CLANG_WARN_UNREACHABLE_CODE = YES;
				CLANG_WARN__DUPLICATE_METHOD_MATCH = YES;
				"CODE_SIGN_IDENTITY[sdk=iphoneos*]" = "iPhone Developer";
				COPY_PHASE_STRIP = NO;
				DEBUG_INFORMATION_FORMAT = dwarf;
				ENABLE_STRICT_OBJC_MSGSEND = YES;
				ENABLE_TESTABILITY = YES;
				GCC_C_LANGUAGE_STANDARD = gnu99;
				GCC_DYNAMIC_NO_PIC = NO;
				GCC_NO_COMMON_BLOCKS = YES;
				GCC_OPTIMIZATION_LEVEL = 0;
				GCC_PREPROCESSOR_DEFINITIONS = (
					"DEBUG=1",
					"$(inherited)",
				);
				GCC_WARN_64_TO_32_BIT_CONVERSION = YES;
				GCC_WARN_ABOUT_RETURN_TYPE = YES_ERROR;
				GCC_WARN_UNDECLARED_SELECTOR = YES;
				GCC_WARN_UNINITIALIZED_AUTOS = YES_AGGRESSIVE;
				GCC_WARN_UNUSED_FUNCTION = YES;
				GCC_WARN_UNUSED_VARIABLE = YES;
				IPHONEOS_DEPLOYMENT_TARGET = 10.3;
				MTL_ENABLE_DEBUG_INFO = YES;
				ONLY_ACTIVE_ARCH = YES;
				SDKROOT = iphoneos;
				SWIFT_ACTIVE_COMPILATION_CONDITIONS = DEBUG;
				SWIFT_OPTIMIZATION_LEVEL = "-Onone";
			};
			name = Debug;
		};
		9B2F897D1F19B96B004921EA /* Release */ = {
			isa = XCBuildConfiguration;
			buildSettings = {
				ALWAYS_SEARCH_USER_PATHS = NO;
				CLANG_ANALYZER_NONNULL = YES;
				CLANG_ANALYZER_NUMBER_OBJECT_CONVERSION = YES_AGGRESSIVE;
				CLANG_CXX_LANGUAGE_STANDARD = "gnu++0x";
				CLANG_CXX_LIBRARY = "libc++";
				CLANG_ENABLE_MODULES = YES;
				CLANG_ENABLE_OBJC_ARC = YES;
				CLANG_WARN_BOOL_CONVERSION = YES;
				CLANG_WARN_CONSTANT_CONVERSION = YES;
				CLANG_WARN_DIRECT_OBJC_ISA_USAGE = YES_ERROR;
				CLANG_WARN_DOCUMENTATION_COMMENTS = YES;
				CLANG_WARN_EMPTY_BODY = YES;
				CLANG_WARN_ENUM_CONVERSION = YES;
				CLANG_WARN_INFINITE_RECURSION = YES;
				CLANG_WARN_INT_CONVERSION = YES;
				CLANG_WARN_OBJC_ROOT_CLASS = YES_ERROR;
				CLANG_WARN_SUSPICIOUS_MOVE = YES;
				CLANG_WARN_UNREACHABLE_CODE = YES;
				CLANG_WARN__DUPLICATE_METHOD_MATCH = YES;
				"CODE_SIGN_IDENTITY[sdk=iphoneos*]" = "iPhone Developer";
				COPY_PHASE_STRIP = NO;
				DEBUG_INFORMATION_FORMAT = "dwarf-with-dsym";
				ENABLE_NS_ASSERTIONS = NO;
				ENABLE_STRICT_OBJC_MSGSEND = YES;
				GCC_C_LANGUAGE_STANDARD = gnu99;
				GCC_NO_COMMON_BLOCKS = YES;
				GCC_WARN_64_TO_32_BIT_CONVERSION = YES;
				GCC_WARN_ABOUT_RETURN_TYPE = YES_ERROR;
				GCC_WARN_UNDECLARED_SELECTOR = YES;
				GCC_WARN_UNINITIALIZED_AUTOS = YES_AGGRESSIVE;
				GCC_WARN_UNUSED_FUNCTION = YES;
				GCC_WARN_UNUSED_VARIABLE = YES;
				IPHONEOS_DEPLOYMENT_TARGET = 10.3;
				MTL_ENABLE_DEBUG_INFO = NO;
				SDKROOT = iphoneos;
				SWIFT_OPTIMIZATION_LEVEL = "-Owholemodule";
				VALIDATE_PRODUCT = YES;
			};
			name = Release;
		};
		9B2F897F1F19B96B004921EA /* Debug */ = {
			isa = XCBuildConfiguration;
			baseConfigurationReference = 7A2335CE4DA6EFA2F99DA6E5 /* Pods-GTNavigationBar.debug.xcconfig */;
			buildSettings = {
				DEVELOPMENT_TEAM = "";
				INFOPLIST_FILE = GTNavigationBar/Info.plist;
				IPHONEOS_DEPLOYMENT_TARGET = 8.4;
				LD_RUNPATH_SEARCH_PATHS = "$(inherited) @executable_path/Frameworks";
				PRODUCT_BUNDLE_IDENTIFIER = app.GTNavigationBar;
				PRODUCT_NAME = "$(TARGET_NAME)";
				SWIFT_VERSION = 3.0;
			};
			name = Debug;
		};
		9B2F89801F19B96B004921EA /* Release */ = {
			isa = XCBuildConfiguration;
			baseConfigurationReference = 7B997550102AB3612D6D6BCA /* Pods-GTNavigationBar.release.xcconfig */;
			buildSettings = {
				DEVELOPMENT_TEAM = "";
				INFOPLIST_FILE = GTNavigationBar/Info.plist;
				IPHONEOS_DEPLOYMENT_TARGET = 8.4;
				LD_RUNPATH_SEARCH_PATHS = "$(inherited) @executable_path/Frameworks";
				PRODUCT_BUNDLE_IDENTIFIER = app.GTNavigationBar;
				PRODUCT_NAME = "$(TARGET_NAME)";
				SWIFT_VERSION = 3.0;
			};
			name = Release;
		};
		9B2F89821F19B96B004921EA /* Debug */ = {
			isa = XCBuildConfiguration;
			baseConfigurationReference = 7DBE602522C1B2FB0D963191 /* Pods-GTNavigationBarUITests.debug.xcconfig */;
			buildSettings = {
				ALWAYS_EMBED_SWIFT_STANDARD_LIBRARIES = YES;
				INFOPLIST_FILE = GTNavigationBarUITests/Info.plist;
				LD_RUNPATH_SEARCH_PATHS = "$(inherited) @executable_path/Frameworks @loader_path/Frameworks";
				PRODUCT_BUNDLE_IDENTIFIER = app.GTNavigationBarUITests;
				PRODUCT_NAME = "$(TARGET_NAME)";
				SWIFT_VERSION = 3.0;
				TEST_TARGET_NAME = GTNavigationBar;
			};
			name = Debug;
		};
		9B2F89831F19B96B004921EA /* Release */ = {
			isa = XCBuildConfiguration;
			baseConfigurationReference = 2C3DFC68BCEEB916194D54F2 /* Pods-GTNavigationBarUITests.release.xcconfig */;
			buildSettings = {
				ALWAYS_EMBED_SWIFT_STANDARD_LIBRARIES = YES;
				INFOPLIST_FILE = GTNavigationBarUITests/Info.plist;
				LD_RUNPATH_SEARCH_PATHS = "$(inherited) @executable_path/Frameworks @loader_path/Frameworks";
				PRODUCT_BUNDLE_IDENTIFIER = app.GTNavigationBarUITests;
				PRODUCT_NAME = "$(TARGET_NAME)";
				SWIFT_VERSION = 3.0;
				TEST_TARGET_NAME = GTNavigationBar;
			};
			name = Release;
		};
/* End XCBuildConfiguration section */

/* Begin XCConfigurationList section */
		9B2F895C1F19B96B004921EA /* Build configuration list for PBXProject "GTNavigationBar" */ = {
			isa = XCConfigurationList;
			buildConfigurations = (
				9B2F897C1F19B96B004921EA /* Debug */,
				9B2F897D1F19B96B004921EA /* Release */,
			);
			defaultConfigurationIsVisible = 0;
			defaultConfigurationName = Release;
		};
		9B2F897E1F19B96B004921EA /* Build configuration list for PBXNativeTarget "GTNavigationBar" */ = {
			isa = XCConfigurationList;
			buildConfigurations = (
				9B2F897F1F19B96B004921EA /* Debug */,
				9B2F89801F19B96B004921EA /* Release */,
			);
			defaultConfigurationIsVisible = 0;
			defaultConfigurationName = Release;
		};
		9B2F89811F19B96B004921EA /* Build configuration list for PBXNativeTarget "GTNavigationBarUITests" */ = {
			isa = XCConfigurationList;
			buildConfigurations = (
				9B2F89821F19B96B004921EA /* Debug */,
				9B2F89831F19B96B004921EA /* Release */,
			);
			defaultConfigurationIsVisible = 0;
			defaultConfigurationName = Release;
		};
/* End XCConfigurationList section */
	};
	rootObject = 9B2F89591F19B96B004921EA /* Project object */;
}
